// !$*UTF8*$!
{
	archiveVersion = 1;
	classes = {
	};
	objectVersion = 50;
	objects = {

/* Begin PBXBuildFile section */
		E145FFFB77B9DCC147D29CC4 /* libPods-ABFoundation.a in Frameworks */ = {isa = PBXBuildFile; fileRef = AD883BA52C164C02A2564963 /* libPods-ABFoundation.a */; };
		F11682FC24A0B540004DD6B8 /* ABNumber.m in Sources */ = {isa = PBXBuildFile; fileRef = F11682FB24A0B540004DD6B8 /* ABNumber.m */; };
		F11F7C1F24BFDD2600DB96B3 /* NSObject+KVOCrash.m in Sources */ = {isa = PBXBuildFile; fileRef = F11F7C0224BFDD2500DB96B3 /* NSObject+KVOCrash.m */; };
		F11F7C2024BFDD2600DB96B3 /* NSTimer+Crash.m in Sources */ = {isa = PBXBuildFile; fileRef = F11F7C0324BFDD2500DB96B3 /* NSTimer+Crash.m */; };
		F11F7C2124BFDD2600DB96B3 /* NSObject+SelectorCrash.m in Sources */ = {isa = PBXBuildFile; fileRef = F11F7C0424BFDD2500DB96B3 /* NSObject+SelectorCrash.m */; };
		F11F7C2224BFDD2600DB96B3 /* NSObject+WOSwizzle.m in Sources */ = {isa = PBXBuildFile; fileRef = F11F7C0524BFDD2500DB96B3 /* NSObject+WOSwizzle.m */; };
		F11F7C2324BFDD2600DB96B3 /* NSObject+NSNotificationCrash.m in Sources */ = {isa = PBXBuildFile; fileRef = F11F7C0824BFDD2500DB96B3 /* NSObject+NSNotificationCrash.m */; };
		F11F7C2424BFDD2600DB96B3 /* WOCrashLog.m in Sources */ = {isa = PBXBuildFile; fileRef = F11F7C0924BFDD2500DB96B3 /* WOCrashLog.m */; };
		F11F7C2524BFDD2600DB96B3 /* WOCrashProtectorManager.m in Sources */ = {isa = PBXBuildFile; fileRef = F11F7C0B24BFDD2500DB96B3 /* WOCrashProtectorManager.m */; };
		F11F7C2624BFDD2600DB96B3 /* NSString+WOCrash.m in Sources */ = {isa = PBXBuildFile; fileRef = F11F7C0D24BFDD2500DB96B3 /* NSString+WOCrash.m */; };
		F11F7C2724BFDD2600DB96B3 /* NSMutableDictionary+WOCrash.m in Sources */ = {isa = PBXBuildFile; fileRef = F11F7C0E24BFDD2500DB96B3 /* NSMutableDictionary+WOCrash.m */; };
		F11F7C2824BFDD2600DB96B3 /* NSArray+WOCrash.m in Sources */ = {isa = PBXBuildFile; fileRef = F11F7C1024BFDD2500DB96B3 /* NSArray+WOCrash.m */; };
		F11F7C2924BFDD2600DB96B3 /* NSAttributedString+WOCrash.m in Sources */ = {isa = PBXBuildFile; fileRef = F11F7C1124BFDD2600DB96B3 /* NSAttributedString+WOCrash.m */; };
		F11F7C2A24BFDD2600DB96B3 /* NSMutableAttributedString+WOCrash.m in Sources */ = {isa = PBXBuildFile; fileRef = F11F7C1524BFDD2600DB96B3 /* NSMutableAttributedString+WOCrash.m */; };
		F11F7C2B24BFDD2600DB96B3 /* NSMutableString+WOCrash.m in Sources */ = {isa = PBXBuildFile; fileRef = F11F7C1824BFDD2600DB96B3 /* NSMutableString+WOCrash.m */; };
		F11F7C2C24BFDD2600DB96B3 /* NSDictionary+WOCrash.m in Sources */ = {isa = PBXBuildFile; fileRef = F11F7C1B24BFDD2600DB96B3 /* NSDictionary+WOCrash.m */; };
		F11F7C2D24BFDD2600DB96B3 /* NSMutableArray+WOCrash.m in Sources */ = {isa = PBXBuildFile; fileRef = F11F7C1C24BFDD2600DB96B3 /* NSMutableArray+WOCrash.m */; };
		F136DD1C24791F2200412394 /* ABMQSubscibe.m in Sources */ = {isa = PBXBuildFile; fileRef = F136DD1B24791F2200412394 /* ABMQSubscibe.m */; };
		F142506C24974760003E83D8 /* ABWebSocketConfiguration.m in Sources */ = {isa = PBXBuildFile; fileRef = F142506B24974760003E83D8 /* ABWebSocketConfiguration.m */; };
		F14250752499EF5F003E83D8 /* ABFileManager.m in Sources */ = {isa = PBXBuildFile; fileRef = F14250742499EF5F003E83D8 /* ABFileManager.m */; };
		F14C35942475185A0060D435 /* AppDelegate.m in Sources */ = {isa = PBXBuildFile; fileRef = F14C35932475185A0060D435 /* AppDelegate.m */; };
		F14C359A2475185A0060D435 /* ViewController.m in Sources */ = {isa = PBXBuildFile; fileRef = F14C35992475185A0060D435 /* ViewController.m */; };
		F14C359F2475185E0060D435 /* Assets.xcassets in Resources */ = {isa = PBXBuildFile; fileRef = F14C359E2475185E0060D435 /* Assets.xcassets */; };
		F14C35A22475185E0060D435 /* LaunchScreen.storyboard in Resources */ = {isa = PBXBuildFile; fileRef = F14C35A02475185E0060D435 /* LaunchScreen.storyboard */; };
		F14C35A52475185E0060D435 /* main.m in Sources */ = {isa = PBXBuildFile; fileRef = F14C35A42475185E0060D435 /* main.m */; };
		F14C35C424751CB70060D435 /* ABNetWorker.m in Sources */ = {isa = PBXBuildFile; fileRef = F14C35B024751CB60060D435 /* ABNetWorker.m */; };
		F14C35C524751CB70060D435 /* ABNet.m in Sources */ = {isa = PBXBuildFile; fileRef = F14C35B124751CB60060D435 /* ABNet.m */; };
		F14C35C624751CB70060D435 /* ABNetRequest.m in Sources */ = {isa = PBXBuildFile; fileRef = F14C35B224751CB60060D435 /* ABNetRequest.m */; };
		F14C35C724751CB70060D435 /* NSObject+ABNet.m in Sources */ = {isa = PBXBuildFile; fileRef = F14C35BB24751CB70060D435 /* NSObject+ABNet.m */; };
		F14C35C824751CB70060D435 /* ABNetQuene.m in Sources */ = {isa = PBXBuildFile; fileRef = F14C35BD24751CB70060D435 /* ABNetQuene.m */; };
		F14C35C924751CB70060D435 /* ABNetResponse.m in Sources */ = {isa = PBXBuildFile; fileRef = F14C35BE24751CB70060D435 /* ABNetResponse.m */; };
		F14C35CA24751CB70060D435 /* ABNetError.m in Sources */ = {isa = PBXBuildFile; fileRef = F14C35BF24751CB70060D435 /* ABNetError.m */; };
		F14C35CB24751CB70060D435 /* ABDevice.m in Sources */ = {isa = PBXBuildFile; fileRef = F14C35C024751CB70060D435 /* ABDevice.m */; };
		F14C35CC24751CB70060D435 /* ABTime.m in Sources */ = {isa = PBXBuildFile; fileRef = F14C35C224751CB70060D435 /* ABTime.m */; };
		F14C35CD24751CB70060D435 /* ABWeakProxy.m in Sources */ = {isa = PBXBuildFile; fileRef = F14C35C324751CB70060D435 /* ABWeakProxy.m */; };
		F14C35D024752D4A0060D435 /* ABNetConfiguration.m in Sources */ = {isa = PBXBuildFile; fileRef = F14C35CF24752D4A0060D435 /* ABNetConfiguration.m */; };
		F16CBB1D24ADE90B00CA6C18 /* ABIteration.m in Sources */ = {isa = PBXBuildFile; fileRef = F16CBB1C24ADE90B00CA6C18 /* ABIteration.m */; };
		F16CBB3E24AE109000CA6C18 /* ABAudio.m in Sources */ = {isa = PBXBuildFile; fileRef = F16CBB3D24AE109000CA6C18 /* ABAudio.m */; };
		F16CBB4024AE114B00CA6C18 /* 1.mp3 in Resources */ = {isa = PBXBuildFile; fileRef = F16CBB3F24AE114B00CA6C18 /* 1.mp3 */; };
		F196667F247B9B57008590F8 /* ABWeakObject.m in Sources */ = {isa = PBXBuildFile; fileRef = F196667E247B9B57008590F8 /* ABWeakObject.m */; };
		F1A4D89124C7E1BA003A6031 /* ABTimer.m in Sources */ = {isa = PBXBuildFile; fileRef = F1A4D89024C7E1BA003A6031 /* ABTimer.m */; };
		F1A4D89A24C92C36003A6031 /* ABTools.m in Sources */ = {isa = PBXBuildFile; fileRef = F1A4D89924C92C36003A6031 /* ABTools.m */; };
		F1BCCED22478C1E8005B94D4 /* ABMQ.m in Sources */ = {isa = PBXBuildFile; fileRef = F1BCCED12478C1E8005B94D4 /* ABMQ.m */; };
		F1EADCCE24873E4000B17B1A /* ABWebSocket.m in Sources */ = {isa = PBXBuildFile; fileRef = F1EADCCD24873E4000B17B1A /* ABWebSocket.m */; };
/* End PBXBuildFile section */

/* Begin PBXFileReference section */
		582B130658D1D0185E9FA1DE /* Pods-ABFoundation.release.xcconfig */ = {isa = PBXFileReference; includeInIndex = 1; lastKnownFileType = text.xcconfig; name = "Pods-ABFoundation.release.xcconfig"; path = "Target Support Files/Pods-ABFoundation/Pods-ABFoundation.release.xcconfig"; sourceTree = "<group>"; };
		AD883BA52C164C02A2564963 /* libPods-ABFoundation.a */ = {isa = PBXFileReference; explicitFileType = archive.ar; includeInIndex = 0; path = "libPods-ABFoundation.a"; sourceTree = BUILT_PRODUCTS_DIR; };
		F11682FA24A0B540004DD6B8 /* ABNumber.h */ = {isa = PBXFileReference; lastKnownFileType = sourcecode.c.h; path = ABNumber.h; sourceTree = "<group>"; };
		F11682FB24A0B540004DD6B8 /* ABNumber.m */ = {isa = PBXFileReference; lastKnownFileType = sourcecode.c.objc; path = ABNumber.m; sourceTree = "<group>"; };
		F11F7C0024BFDD2500DB96B3 /* WOCrashLog.h */ = {isa = PBXFileReference; fileEncoding = 4; lastKnownFileType = sourcecode.c.h; path = WOCrashLog.h; sourceTree = "<group>"; };
		F11F7C0124BFDD2500DB96B3 /* NSObject+NSNotificationCrash.h */ = {isa = PBXFileReference; fileEncoding = 4; lastKnownFileType = sourcecode.c.h; path = "NSObject+NSNotificationCrash.h"; sourceTree = "<group>"; };
		F11F7C0224BFDD2500DB96B3 /* NSObject+KVOCrash.m */ = {isa = PBXFileReference; fileEncoding = 4; lastKnownFileType = sourcecode.c.objc; path = "NSObject+KVOCrash.m"; sourceTree = "<group>"; };
		F11F7C0324BFDD2500DB96B3 /* NSTimer+Crash.m */ = {isa = PBXFileReference; fileEncoding = 4; lastKnownFileType = sourcecode.c.objc; path = "NSTimer+Crash.m"; sourceTree = "<group>"; };
		F11F7C0424BFDD2500DB96B3 /* NSObject+SelectorCrash.m */ = {isa = PBXFileReference; fileEncoding = 4; lastKnownFileType = sourcecode.c.objc; path = "NSObject+SelectorCrash.m"; sourceTree = "<group>"; };
		F11F7C0524BFDD2500DB96B3 /* NSObject+WOSwizzle.m */ = {isa = PBXFileReference; fileEncoding = 4; lastKnownFileType = sourcecode.c.objc; path = "NSObject+WOSwizzle.m"; sourceTree = "<group>"; };
		F11F7C0624BFDD2500DB96B3 /* WOCrashProtectorManager.h */ = {isa = PBXFileReference; fileEncoding = 4; lastKnownFileType = sourcecode.c.h; path = WOCrashProtectorManager.h; sourceTree = "<group>"; };
		F11F7C0724BFDD2500DB96B3 /* NSObject+KVOCrash.h */ = {isa = PBXFileReference; fileEncoding = 4; lastKnownFileType = sourcecode.c.h; path = "NSObject+KVOCrash.h"; sourceTree = "<group>"; };
		F11F7C0824BFDD2500DB96B3 /* NSObject+NSNotificationCrash.m */ = {isa = PBXFileReference; fileEncoding = 4; lastKnownFileType = sourcecode.c.objc; path = "NSObject+NSNotificationCrash.m"; sourceTree = "<group>"; };
		F11F7C0924BFDD2500DB96B3 /* WOCrashLog.m */ = {isa = PBXFileReference; fileEncoding = 4; lastKnownFileType = sourcecode.c.objc; path = WOCrashLog.m; sourceTree = "<group>"; };
		F11F7C0A24BFDD2500DB96B3 /* NSTimer+Crash.h */ = {isa = PBXFileReference; fileEncoding = 4; lastKnownFileType = sourcecode.c.h; path = "NSTimer+Crash.h"; sourceTree = "<group>"; };
		F11F7C0B24BFDD2500DB96B3 /* WOCrashProtectorManager.m */ = {isa = PBXFileReference; fileEncoding = 4; lastKnownFileType = sourcecode.c.objc; path = WOCrashProtectorManager.m; sourceTree = "<group>"; };
		F11F7C0D24BFDD2500DB96B3 /* NSString+WOCrash.m */ = {isa = PBXFileReference; fileEncoding = 4; lastKnownFileType = sourcecode.c.objc; path = "NSString+WOCrash.m"; sourceTree = "<group>"; };
		F11F7C0E24BFDD2500DB96B3 /* NSMutableDictionary+WOCrash.m */ = {isa = PBXFileReference; fileEncoding = 4; lastKnownFileType = sourcecode.c.objc; path = "NSMutableDictionary+WOCrash.m"; sourceTree = "<group>"; };
		F11F7C0F24BFDD2500DB96B3 /* NSMutableAttributedString+WOCrash.h */ = {isa = PBXFileReference; fileEncoding = 4; lastKnownFileType = sourcecode.c.h; path = "NSMutableAttributedString+WOCrash.h"; sourceTree = "<group>"; };
		F11F7C1024BFDD2500DB96B3 /* NSArray+WOCrash.m */ = {isa = PBXFileReference; fileEncoding = 4; lastKnownFileType = sourcecode.c.objc; path = "NSArray+WOCrash.m"; sourceTree = "<group>"; };
		F11F7C1124BFDD2600DB96B3 /* NSAttributedString+WOCrash.m */ = {isa = PBXFileReference; fileEncoding = 4; lastKnownFileType = sourcecode.c.objc; path = "NSAttributedString+WOCrash.m"; sourceTree = "<group>"; };
		F11F7C1224BFDD2600DB96B3 /* NSMutableString+WOCrash.h */ = {isa = PBXFileReference; fileEncoding = 4; lastKnownFileType = sourcecode.c.h; path = "NSMutableString+WOCrash.h"; sourceTree = "<group>"; };
		F11F7C1324BFDD2600DB96B3 /* NSMutableArray+WOCrash.h */ = {isa = PBXFileReference; fileEncoding = 4; lastKnownFileType = sourcecode.c.h; path = "NSMutableArray+WOCrash.h"; sourceTree = "<group>"; };
		F11F7C1424BFDD2600DB96B3 /* NSDictionary+WOCrash.h */ = {isa = PBXFileReference; fileEncoding = 4; lastKnownFileType = sourcecode.c.h; path = "NSDictionary+WOCrash.h"; sourceTree = "<group>"; };
		F11F7C1524BFDD2600DB96B3 /* NSMutableAttributedString+WOCrash.m */ = {isa = PBXFileReference; fileEncoding = 4; lastKnownFileType = sourcecode.c.objc; path = "NSMutableAttributedString+WOCrash.m"; sourceTree = "<group>"; };
		F11F7C1624BFDD2600DB96B3 /* NSMutableDictionary+WOCrash.h */ = {isa = PBXFileReference; fileEncoding = 4; lastKnownFileType = sourcecode.c.h; path = "NSMutableDictionary+WOCrash.h"; sourceTree = "<group>"; };
		F11F7C1724BFDD2600DB96B3 /* NSString+WOCrash.h */ = {isa = PBXFileReference; fileEncoding = 4; lastKnownFileType = sourcecode.c.h; path = "NSString+WOCrash.h"; sourceTree = "<group>"; };
		F11F7C1824BFDD2600DB96B3 /* NSMutableString+WOCrash.m */ = {isa = PBXFileReference; fileEncoding = 4; lastKnownFileType = sourcecode.c.objc; path = "NSMutableString+WOCrash.m"; sourceTree = "<group>"; };
		F11F7C1924BFDD2600DB96B3 /* NSArray+WOCrash.h */ = {isa = PBXFileReference; fileEncoding = 4; lastKnownFileType = sourcecode.c.h; path = "NSArray+WOCrash.h"; sourceTree = "<group>"; };
		F11F7C1A24BFDD2600DB96B3 /* NSAttributedString+WOCrash.h */ = {isa = PBXFileReference; fileEncoding = 4; lastKnownFileType = sourcecode.c.h; path = "NSAttributedString+WOCrash.h"; sourceTree = "<group>"; };
		F11F7C1B24BFDD2600DB96B3 /* NSDictionary+WOCrash.m */ = {isa = PBXFileReference; fileEncoding = 4; lastKnownFileType = sourcecode.c.objc; path = "NSDictionary+WOCrash.m"; sourceTree = "<group>"; };
		F11F7C1C24BFDD2600DB96B3 /* NSMutableArray+WOCrash.m */ = {isa = PBXFileReference; fileEncoding = 4; lastKnownFileType = sourcecode.c.objc; path = "NSMutableArray+WOCrash.m"; sourceTree = "<group>"; };
		F11F7C1D24BFDD2600DB96B3 /* NSObject+SelectorCrash.h */ = {isa = PBXFileReference; fileEncoding = 4; lastKnownFileType = sourcecode.c.h; path = "NSObject+SelectorCrash.h"; sourceTree = "<group>"; };
		F11F7C1E24BFDD2600DB96B3 /* NSObject+WOSwizzle.h */ = {isa = PBXFileReference; fileEncoding = 4; lastKnownFileType = sourcecode.c.h; path = "NSObject+WOSwizzle.h"; sourceTree = "<group>"; };
		F136DD1A24791F2200412394 /* ABMQSubscibe.h */ = {isa = PBXFileReference; lastKnownFileType = sourcecode.c.h; path = ABMQSubscibe.h; sourceTree = "<group>"; };
		F136DD1B24791F2200412394 /* ABMQSubscibe.m */ = {isa = PBXFileReference; lastKnownFileType = sourcecode.c.objc; path = ABMQSubscibe.m; sourceTree = "<group>"; };
		F142506A24974760003E83D8 /* ABWebSocketConfiguration.h */ = {isa = PBXFileReference; lastKnownFileType = sourcecode.c.h; path = ABWebSocketConfiguration.h; sourceTree = "<group>"; };
		F142506B24974760003E83D8 /* ABWebSocketConfiguration.m */ = {isa = PBXFileReference; lastKnownFileType = sourcecode.c.objc; path = ABWebSocketConfiguration.m; sourceTree = "<group>"; };
		F14250732499EF5F003E83D8 /* ABFileManager.h */ = {isa = PBXFileReference; lastKnownFileType = sourcecode.c.h; path = ABFileManager.h; sourceTree = "<group>"; };
		F14250742499EF5F003E83D8 /* ABFileManager.m */ = {isa = PBXFileReference; lastKnownFileType = sourcecode.c.objc; path = ABFileManager.m; sourceTree = "<group>"; };
		F14C358F2475185A0060D435 /* ABFoundation.app */ = {isa = PBXFileReference; explicitFileType = wrapper.application; includeInIndex = 0; path = ABFoundation.app; sourceTree = BUILT_PRODUCTS_DIR; };
		F14C35922475185A0060D435 /* AppDelegate.h */ = {isa = PBXFileReference; lastKnownFileType = sourcecode.c.h; path = AppDelegate.h; sourceTree = "<group>"; };
		F14C35932475185A0060D435 /* AppDelegate.m */ = {isa = PBXFileReference; lastKnownFileType = sourcecode.c.objc; path = AppDelegate.m; sourceTree = "<group>"; };
		F14C35982475185A0060D435 /* ViewController.h */ = {isa = PBXFileReference; lastKnownFileType = sourcecode.c.h; path = ViewController.h; sourceTree = "<group>"; };
		F14C35992475185A0060D435 /* ViewController.m */ = {isa = PBXFileReference; lastKnownFileType = sourcecode.c.objc; path = ViewController.m; sourceTree = "<group>"; };
		F14C359E2475185E0060D435 /* Assets.xcassets */ = {isa = PBXFileReference; lastKnownFileType = folder.assetcatalog; path = Assets.xcassets; sourceTree = "<group>"; };
		F14C35A12475185E0060D435 /* Base */ = {isa = PBXFileReference; lastKnownFileType = file.storyboard; name = Base; path = Base.lproj/LaunchScreen.storyboard; sourceTree = "<group>"; };
		F14C35A32475185E0060D435 /* Info.plist */ = {isa = PBXFileReference; lastKnownFileType = text.plist.xml; path = Info.plist; sourceTree = "<group>"; };
		F14C35A42475185E0060D435 /* main.m */ = {isa = PBXFileReference; lastKnownFileType = sourcecode.c.objc; path = main.m; sourceTree = "<group>"; };
		F14C35AC24751CB60060D435 /* ABDevice.h */ = {isa = PBXFileReference; fileEncoding = 4; lastKnownFileType = sourcecode.c.h; path = ABDevice.h; sourceTree = "<group>"; };
		F14C35AD24751CB60060D435 /* ABTime.h */ = {isa = PBXFileReference; fileEncoding = 4; lastKnownFileType = sourcecode.c.h; path = ABTime.h; sourceTree = "<group>"; };
		F14C35AE24751CB60060D435 /* ABWeakProxy.h */ = {isa = PBXFileReference; fileEncoding = 4; lastKnownFileType = sourcecode.c.h; path = ABWeakProxy.h; sourceTree = "<group>"; };
		F14C35B024751CB60060D435 /* ABNetWorker.m */ = {isa = PBXFileReference; fileEncoding = 4; lastKnownFileType = sourcecode.c.objc; path = ABNetWorker.m; sourceTree = "<group>"; };
		F14C35B124751CB60060D435 /* ABNet.m */ = {isa = PBXFileReference; fileEncoding = 4; lastKnownFileType = sourcecode.c.objc; path = ABNet.m; sourceTree = "<group>"; };
		F14C35B224751CB60060D435 /* ABNetRequest.m */ = {isa = PBXFileReference; fileEncoding = 4; lastKnownFileType = sourcecode.c.objc; path = ABNetRequest.m; sourceTree = "<group>"; };
		F14C35B324751CB60060D435 /* NSObject+ABNet.h */ = {isa = PBXFileReference; fileEncoding = 4; lastKnownFileType = sourcecode.c.h; path = "NSObject+ABNet.h"; sourceTree = "<group>"; };
		F14C35B524751CB70060D435 /* ABNetPlugin.h */ = {isa = PBXFileReference; fileEncoding = 4; lastKnownFileType = sourcecode.c.h; path = ABNetPlugin.h; sourceTree = "<group>"; };
		F14C35B624751CB70060D435 /* ABNetResponse.h */ = {isa = PBXFileReference; fileEncoding = 4; lastKnownFileType = sourcecode.c.h; path = ABNetResponse.h; sourceTree = "<group>"; };
		F14C35B724751CB70060D435 /* ABNetError.h */ = {isa = PBXFileReference; fileEncoding = 4; lastKnownFileType = sourcecode.c.h; path = ABNetError.h; sourceTree = "<group>"; };
		F14C35B824751CB70060D435 /* ABNetQuene.h */ = {isa = PBXFileReference; fileEncoding = 4; lastKnownFileType = sourcecode.c.h; path = ABNetQuene.h; sourceTree = "<group>"; };
		F14C35B924751CB70060D435 /* ABNet.h */ = {isa = PBXFileReference; fileEncoding = 4; lastKnownFileType = sourcecode.c.h; path = ABNet.h; sourceTree = "<group>"; };
		F14C35BA24751CB70060D435 /* ABNetWorker.h */ = {isa = PBXFileReference; fileEncoding = 4; lastKnownFileType = sourcecode.c.h; path = ABNetWorker.h; sourceTree = "<group>"; };
		F14C35BB24751CB70060D435 /* NSObject+ABNet.m */ = {isa = PBXFileReference; fileEncoding = 4; lastKnownFileType = sourcecode.c.objc; path = "NSObject+ABNet.m"; sourceTree = "<group>"; };
		F14C35BC24751CB70060D435 /* ABNetRequest.h */ = {isa = PBXFileReference; fileEncoding = 4; lastKnownFileType = sourcecode.c.h; path = ABNetRequest.h; sourceTree = "<group>"; };
		F14C35BD24751CB70060D435 /* ABNetQuene.m */ = {isa = PBXFileReference; fileEncoding = 4; lastKnownFileType = sourcecode.c.objc; path = ABNetQuene.m; sourceTree = "<group>"; };
		F14C35BE24751CB70060D435 /* ABNetResponse.m */ = {isa = PBXFileReference; fileEncoding = 4; lastKnownFileType = sourcecode.c.objc; path = ABNetResponse.m; sourceTree = "<group>"; };
		F14C35BF24751CB70060D435 /* ABNetError.m */ = {isa = PBXFileReference; fileEncoding = 4; lastKnownFileType = sourcecode.c.objc; path = ABNetError.m; sourceTree = "<group>"; };
		F14C35C024751CB70060D435 /* ABDevice.m */ = {isa = PBXFileReference; fileEncoding = 4; lastKnownFileType = sourcecode.c.objc; path = ABDevice.m; sourceTree = "<group>"; };
		F14C35C124751CB70060D435 /* ABFoundation.h */ = {isa = PBXFileReference; fileEncoding = 4; lastKnownFileType = sourcecode.c.h; path = ABFoundation.h; sourceTree = "<group>"; };
		F14C35C224751CB70060D435 /* ABTime.m */ = {isa = PBXFileReference; fileEncoding = 4; lastKnownFileType = sourcecode.c.objc; path = ABTime.m; sourceTree = "<group>"; };
		F14C35C324751CB70060D435 /* ABWeakProxy.m */ = {isa = PBXFileReference; fileEncoding = 4; lastKnownFileType = sourcecode.c.objc; path = ABWeakProxy.m; sourceTree = "<group>"; };
		F14C35CE24752D4A0060D435 /* ABNetConfiguration.h */ = {isa = PBXFileReference; lastKnownFileType = sourcecode.c.h; path = ABNetConfiguration.h; sourceTree = "<group>"; };
		F14C35CF24752D4A0060D435 /* ABNetConfiguration.m */ = {isa = PBXFileReference; lastKnownFileType = sourcecode.c.objc; path = ABNetConfiguration.m; sourceTree = "<group>"; };
		F16CBB1B24ADE90B00CA6C18 /* ABIteration.h */ = {isa = PBXFileReference; lastKnownFileType = sourcecode.c.h; path = ABIteration.h; sourceTree = "<group>"; };
		F16CBB1C24ADE90B00CA6C18 /* ABIteration.m */ = {isa = PBXFileReference; lastKnownFileType = sourcecode.c.objc; path = ABIteration.m; sourceTree = "<group>"; };
		F16CBB3C24AE109000CA6C18 /* ABAudio.h */ = {isa = PBXFileReference; lastKnownFileType = sourcecode.c.h; path = ABAudio.h; sourceTree = "<group>"; };
		F16CBB3D24AE109000CA6C18 /* ABAudio.m */ = {isa = PBXFileReference; lastKnownFileType = sourcecode.c.objc; path = ABAudio.m; sourceTree = "<group>"; };
		F16CBB3F24AE114B00CA6C18 /* 1.mp3 */ = {isa = PBXFileReference; lastKnownFileType = audio.mp3; path = 1.mp3; sourceTree = "<group>"; };
		F196667D247B9B57008590F8 /* ABWeakObject.h */ = {isa = PBXFileReference; lastKnownFileType = sourcecode.c.h; path = ABWeakObject.h; sourceTree = "<group>"; };
		F196667E247B9B57008590F8 /* ABWeakObject.m */ = {isa = PBXFileReference; lastKnownFileType = sourcecode.c.objc; path = ABWeakObject.m; sourceTree = "<group>"; };
		F1A4D88F24C7E1BA003A6031 /* ABTimer.h */ = {isa = PBXFileReference; lastKnownFileType = sourcecode.c.h; path = ABTimer.h; sourceTree = "<group>"; };
		F1A4D89024C7E1BA003A6031 /* ABTimer.m */ = {isa = PBXFileReference; lastKnownFileType = sourcecode.c.objc; path = ABTimer.m; sourceTree = "<group>"; };
		F1A4D89824C92C36003A6031 /* ABTools.h */ = {isa = PBXFileReference; fileEncoding = 4; lastKnownFileType = sourcecode.c.h; path = ABTools.h; sourceTree = "<group>"; };
		F1A4D89924C92C36003A6031 /* ABTools.m */ = {isa = PBXFileReference; fileEncoding = 4; lastKnownFileType = sourcecode.c.objc; path = ABTools.m; sourceTree = "<group>"; };
		F1BCCED02478C1E8005B94D4 /* ABMQ.h */ = {isa = PBXFileReference; lastKnownFileType = sourcecode.c.h; path = ABMQ.h; sourceTree = "<group>"; };
		F1BCCED12478C1E8005B94D4 /* ABMQ.m */ = {isa = PBXFileReference; lastKnownFileType = sourcecode.c.objc; path = ABMQ.m; sourceTree = "<group>"; };
		F1EADCCC24873E4000B17B1A /* ABWebSocket.h */ = {isa = PBXFileReference; lastKnownFileType = sourcecode.c.h; path = ABWebSocket.h; sourceTree = "<group>"; };
		F1EADCCD24873E4000B17B1A /* ABWebSocket.m */ = {isa = PBXFileReference; lastKnownFileType = sourcecode.c.objc; path = ABWebSocket.m; sourceTree = "<group>"; };
		FF922021528014F98DB98AC5 /* Pods-ABFoundation.debug.xcconfig */ = {isa = PBXFileReference; includeInIndex = 1; lastKnownFileType = text.xcconfig; name = "Pods-ABFoundation.debug.xcconfig"; path = "Target Support Files/Pods-ABFoundation/Pods-ABFoundation.debug.xcconfig"; sourceTree = "<group>"; };
/* End PBXFileReference section */

/* Begin PBXFrameworksBuildPhase section */
		F14C358C2475185A0060D435 /* Frameworks */ = {
			isa = PBXFrameworksBuildPhase;
			buildActionMask = 2147483647;
			files = (
				E145FFFB77B9DCC147D29CC4 /* libPods-ABFoundation.a in Frameworks */,
			);
			runOnlyForDeploymentPostprocessing = 0;
		};
/* End PBXFrameworksBuildPhase section */

/* Begin PBXGroup section */
		7532471EED4D62E600BE849C /* Pods */ = {
			isa = PBXGroup;
			children = (
				FF922021528014F98DB98AC5 /* Pods-ABFoundation.debug.xcconfig */,
				582B130658D1D0185E9FA1DE /* Pods-ABFoundation.release.xcconfig */,
			);
			path = Pods;
			sourceTree = "<group>";
		};
		BC1DB699B6D81D9F19E74B48 /* Frameworks */ = {
			isa = PBXGroup;
			children = (
				AD883BA52C164C02A2564963 /* libPods-ABFoundation.a */,
			);
			name = Frameworks;
			sourceTree = "<group>";
		};
		F11F7BFF24BFDD2500DB96B3 /* WOCrashProtector */ = {
			isa = PBXGroup;
			children = (
				F11F7C0024BFDD2500DB96B3 /* WOCrashLog.h */,
				F11F7C0124BFDD2500DB96B3 /* NSObject+NSNotificationCrash.h */,
				F11F7C0224BFDD2500DB96B3 /* NSObject+KVOCrash.m */,
				F11F7C0324BFDD2500DB96B3 /* NSTimer+Crash.m */,
				F11F7C0424BFDD2500DB96B3 /* NSObject+SelectorCrash.m */,
				F11F7C0524BFDD2500DB96B3 /* NSObject+WOSwizzle.m */,
				F11F7C0624BFDD2500DB96B3 /* WOCrashProtectorManager.h */,
				F11F7C0724BFDD2500DB96B3 /* NSObject+KVOCrash.h */,
				F11F7C0824BFDD2500DB96B3 /* NSObject+NSNotificationCrash.m */,
				F11F7C0924BFDD2500DB96B3 /* WOCrashLog.m */,
				F11F7C0A24BFDD2500DB96B3 /* NSTimer+Crash.h */,
				F11F7C0B24BFDD2500DB96B3 /* WOCrashProtectorManager.m */,
				F11F7C0C24BFDD2500DB96B3 /* WOContainer */,
				F11F7C1D24BFDD2600DB96B3 /* NSObject+SelectorCrash.h */,
				F11F7C1E24BFDD2600DB96B3 /* NSObject+WOSwizzle.h */,
			);
			path = WOCrashProtector;
			sourceTree = "<group>";
		};
		F11F7C0C24BFDD2500DB96B3 /* WOContainer */ = {
			isa = PBXGroup;
			children = (
				F11F7C0D24BFDD2500DB96B3 /* NSString+WOCrash.m */,
				F11F7C0E24BFDD2500DB96B3 /* NSMutableDictionary+WOCrash.m */,
				F11F7C0F24BFDD2500DB96B3 /* NSMutableAttributedString+WOCrash.h */,
				F11F7C1024BFDD2500DB96B3 /* NSArray+WOCrash.m */,
				F11F7C1124BFDD2600DB96B3 /* NSAttributedString+WOCrash.m */,
				F11F7C1224BFDD2600DB96B3 /* NSMutableString+WOCrash.h */,
				F11F7C1324BFDD2600DB96B3 /* NSMutableArray+WOCrash.h */,
				F11F7C1424BFDD2600DB96B3 /* NSDictionary+WOCrash.h */,
				F11F7C1524BFDD2600DB96B3 /* NSMutableAttributedString+WOCrash.m */,
				F11F7C1624BFDD2600DB96B3 /* NSMutableDictionary+WOCrash.h */,
				F11F7C1724BFDD2600DB96B3 /* NSString+WOCrash.h */,
				F11F7C1824BFDD2600DB96B3 /* NSMutableString+WOCrash.m */,
				F11F7C1924BFDD2600DB96B3 /* NSArray+WOCrash.h */,
				F11F7C1A24BFDD2600DB96B3 /* NSAttributedString+WOCrash.h */,
				F11F7C1B24BFDD2600DB96B3 /* NSDictionary+WOCrash.m */,
				F11F7C1C24BFDD2600DB96B3 /* NSMutableArray+WOCrash.m */,
			);
			path = WOContainer;
			sourceTree = "<group>";
		};
		F136DD192479150200412394 /* ABMQ */ = {
			isa = PBXGroup;
			children = (
				F1BCCED02478C1E8005B94D4 /* ABMQ.h */,
				F1BCCED12478C1E8005B94D4 /* ABMQ.m */,
				F136DD1A24791F2200412394 /* ABMQSubscibe.h */,
				F136DD1B24791F2200412394 /* ABMQSubscibe.m */,
			);
			path = ABMQ;
			sourceTree = "<group>";
		};
		F14250692497469A003E83D8 /* ABWebSocket */ = {
			isa = PBXGroup;
			children = (
				F1EADCCC24873E4000B17B1A /* ABWebSocket.h */,
				F1EADCCD24873E4000B17B1A /* ABWebSocket.m */,
				F142506A24974760003E83D8 /* ABWebSocketConfiguration.h */,
				F142506B24974760003E83D8 /* ABWebSocketConfiguration.m */,
			);
			path = ABWebSocket;
			sourceTree = "<group>";
		};
		F14C35862475185A0060D435 = {
			isa = PBXGroup;
			children = (
				F14C35912475185A0060D435 /* ABFoundation */,
				F14C35902475185A0060D435 /* Products */,
				7532471EED4D62E600BE849C /* Pods */,
				BC1DB699B6D81D9F19E74B48 /* Frameworks */,
			);
			sourceTree = "<group>";
		};
		F14C35902475185A0060D435 /* Products */ = {
			isa = PBXGroup;
			children = (
				F14C358F2475185A0060D435 /* ABFoundation.app */,
			);
			name = Products;
			sourceTree = "<group>";
		};
		F14C35912475185A0060D435 /* ABFoundation */ = {
			isa = PBXGroup;
			children = (
				F14C35AB24751CB60060D435 /* Core */,
				F14C35922475185A0060D435 /* AppDelegate.h */,
				F14C35932475185A0060D435 /* AppDelegate.m */,
				F14C35982475185A0060D435 /* ViewController.h */,
				F14C35992475185A0060D435 /* ViewController.m */,
				F14C359E2475185E0060D435 /* Assets.xcassets */,
				F14C35A02475185E0060D435 /* LaunchScreen.storyboard */,
				F14C35A32475185E0060D435 /* Info.plist */,
				F16CBB3F24AE114B00CA6C18 /* 1.mp3 */,
				F14C35A42475185E0060D435 /* main.m */,
			);
			path = ABFoundation;
			sourceTree = "<group>";
		};
		F14C35AB24751CB60060D435 /* Core */ = {
			isa = PBXGroup;
			children = (
				F1A4D89824C92C36003A6031 /* ABTools.h */,
				F1A4D89924C92C36003A6031 /* ABTools.m */,
				F11F7BFF24BFDD2500DB96B3 /* WOCrashProtector */,
				F14250692497469A003E83D8 /* ABWebSocket */,
				F136DD192479150200412394 /* ABMQ */,
				F14C35AC24751CB60060D435 /* ABDevice.h */,
				F14C35C024751CB70060D435 /* ABDevice.m */,
				F14C35C124751CB70060D435 /* ABFoundation.h */,
				F14C35AF24751CB60060D435 /* ABNet */,
				F14C35AD24751CB60060D435 /* ABTime.h */,
				F14C35C224751CB70060D435 /* ABTime.m */,
				F14C35AE24751CB60060D435 /* ABWeakProxy.h */,
				F14C35C324751CB70060D435 /* ABWeakProxy.m */,
				F196667D247B9B57008590F8 /* ABWeakObject.h */,
				F196667E247B9B57008590F8 /* ABWeakObject.m */,
				F14250732499EF5F003E83D8 /* ABFileManager.h */,
				F14250742499EF5F003E83D8 /* ABFileManager.m */,
				F11682FA24A0B540004DD6B8 /* ABNumber.h */,
				F11682FB24A0B540004DD6B8 /* ABNumber.m */,
				F16CBB1B24ADE90B00CA6C18 /* ABIteration.h */,
				F16CBB1C24ADE90B00CA6C18 /* ABIteration.m */,
				F16CBB3C24AE109000CA6C18 /* ABAudio.h */,
				F16CBB3D24AE109000CA6C18 /* ABAudio.m */,
				F1A4D88F24C7E1BA003A6031 /* ABTimer.h */,
				F1A4D89024C7E1BA003A6031 /* ABTimer.m */,
			);
			path = Core;
			sourceTree = SOURCE_ROOT;
		};
		F14C35AF24751CB60060D435 /* ABNet */ = {
			isa = PBXGroup;
			children = (
				F14C35B924751CB70060D435 /* ABNet.h */,
				F14C35B124751CB60060D435 /* ABNet.m */,
				F14C35B724751CB70060D435 /* ABNetError.h */,
				F14C35BF24751CB70060D435 /* ABNetError.m */,
				F14C35B524751CB70060D435 /* ABNetPlugin.h */,
				F14C35B824751CB70060D435 /* ABNetQuene.h */,
				F14C35BD24751CB70060D435 /* ABNetQuene.m */,
				F14C35BC24751CB70060D435 /* ABNetRequest.h */,
				F14C35B224751CB60060D435 /* ABNetRequest.m */,
				F14C35B624751CB70060D435 /* ABNetResponse.h */,
				F14C35BE24751CB70060D435 /* ABNetResponse.m */,
				F14C35BA24751CB70060D435 /* ABNetWorker.h */,
				F14C35B024751CB60060D435 /* ABNetWorker.m */,
				F14C35B324751CB60060D435 /* NSObject+ABNet.h */,
				F14C35BB24751CB70060D435 /* NSObject+ABNet.m */,
				F14C35CE24752D4A0060D435 /* ABNetConfiguration.h */,
				F14C35CF24752D4A0060D435 /* ABNetConfiguration.m */,
			);
			path = ABNet;
			sourceTree = "<group>";
		};
/* End PBXGroup section */

/* Begin PBXNativeTarget section */
		F14C358E2475185A0060D435 /* ABFoundation */ = {
			isa = PBXNativeTarget;
			buildConfigurationList = F14C35A82475185E0060D435 /* Build configuration list for PBXNativeTarget "ABFoundation" */;
			buildPhases = (
				17524B9323C283B3F3D80083 /* [CP] Check Pods Manifest.lock */,
				F14C358B2475185A0060D435 /* Sources */,
				F14C358C2475185A0060D435 /* Frameworks */,
				F14C358D2475185A0060D435 /* Resources */,
			);
			buildRules = (
			);
			dependencies = (
			);
			name = ABFoundation;
			productName = ABFoundation;
			productReference = F14C358F2475185A0060D435 /* ABFoundation.app */;
			productType = "com.apple.product-type.application";
		};
/* End PBXNativeTarget section */

/* Begin PBXProject section */
		F14C35872475185A0060D435 /* Project object */ = {
			isa = PBXProject;
			attributes = {
				LastUpgradeCheck = 1140;
				ORGANIZATIONNAME = abteam;
				TargetAttributes = {
					F14C358E2475185A0060D435 = {
						CreatedOnToolsVersion = 11.4.1;
					};
				};
			};
			buildConfigurationList = F14C358A2475185A0060D435 /* Build configuration list for PBXProject "ABFoundation" */;
			compatibilityVersion = "Xcode 9.3";
			developmentRegion = en;
			hasScannedForEncodings = 0;
			knownRegions = (
				en,
				Base,
			);
			mainGroup = F14C35862475185A0060D435;
			productRefGroup = F14C35902475185A0060D435 /* Products */;
			projectDirPath = "";
			projectRoot = "";
			targets = (
				F14C358E2475185A0060D435 /* ABFoundation */,
			);
		};
/* End PBXProject section */

/* Begin PBXResourcesBuildPhase section */
		F14C358D2475185A0060D435 /* Resources */ = {
			isa = PBXResourcesBuildPhase;
			buildActionMask = 2147483647;
			files = (
				F16CBB4024AE114B00CA6C18 /* 1.mp3 in Resources */,
				F14C35A22475185E0060D435 /* LaunchScreen.storyboard in Resources */,
				F14C359F2475185E0060D435 /* Assets.xcassets in Resources */,
			);
			runOnlyForDeploymentPostprocessing = 0;
		};
/* End PBXResourcesBuildPhase section */

/* Begin PBXShellScriptBuildPhase section */
		17524B9323C283B3F3D80083 /* [CP] Check Pods Manifest.lock */ = {
			isa = PBXShellScriptBuildPhase;
			buildActionMask = 2147483647;
			files = (
			);
			inputFileListPaths = (
			);
			inputPaths = (
				"${PODS_PODFILE_DIR_PATH}/Podfile.lock",
				"${PODS_ROOT}/Manifest.lock",
			);
			name = "[CP] Check Pods Manifest.lock";
			outputFileListPaths = (
			);
			outputPaths = (
				"$(DERIVED_FILE_DIR)/Pods-ABFoundation-checkManifestLockResult.txt",
			);
			runOnlyForDeploymentPostprocessing = 0;
			shellPath = /bin/sh;
			shellScript = "diff \"${PODS_PODFILE_DIR_PATH}/Podfile.lock\" \"${PODS_ROOT}/Manifest.lock\" > /dev/null\nif [ $? != 0 ] ; then\n    # print error to STDERR\n    echo \"error: The sandbox is not in sync with the Podfile.lock. Run 'pod install' or update your CocoaPods installation.\" >&2\n    exit 1\nfi\n# This output is used by Xcode 'outputs' to avoid re-running this script phase.\necho \"SUCCESS\" > \"${SCRIPT_OUTPUT_FILE_0}\"\n";
			showEnvVarsInLog = 0;
		};
/* End PBXShellScriptBuildPhase section */

/* Begin PBXSourcesBuildPhase section */
		F14C358B2475185A0060D435 /* Sources */ = {
			isa = PBXSourcesBuildPhase;
			buildActionMask = 2147483647;
			files = (
				F14C35C424751CB70060D435 /* ABNetWorker.m in Sources */,
				F11F7C2324BFDD2600DB96B3 /* NSObject+NSNotificationCrash.m in Sources */,
				F14C35CC24751CB70060D435 /* ABTime.m in Sources */,
				F14C359A2475185A0060D435 /* ViewController.m in Sources */,
				F16CBB3E24AE109000CA6C18 /* ABAudio.m in Sources */,
				F196667F247B9B57008590F8 /* ABWeakObject.m in Sources */,
				F16CBB1D24ADE90B00CA6C18 /* ABIteration.m in Sources */,
				F1A4D89124C7E1BA003A6031 /* ABTimer.m in Sources */,
				F11F7C2C24BFDD2600DB96B3 /* NSDictionary+WOCrash.m in Sources */,
				F1EADCCE24873E4000B17B1A /* ABWebSocket.m in Sources */,
				F11F7C2B24BFDD2600DB96B3 /* NSMutableString+WOCrash.m in Sources */,
				F11F7C2A24BFDD2600DB96B3 /* NSMutableAttributedString+WOCrash.m in Sources */,
				F11F7C2D24BFDD2600DB96B3 /* NSMutableArray+WOCrash.m in Sources */,
				F14C35D024752D4A0060D435 /* ABNetConfiguration.m in Sources */,
				F11F7C2124BFDD2600DB96B3 /* NSObject+SelectorCrash.m in Sources */,
				F142506C24974760003E83D8 /* ABWebSocketConfiguration.m in Sources */,
				F1A4D89A24C92C36003A6031 /* ABTools.m in Sources */,
				F14C35C624751CB70060D435 /* ABNetRequest.m in Sources */,
				F14C35C524751CB70060D435 /* ABNet.m in Sources */,
				F14C35CB24751CB70060D435 /* ABDevice.m in Sources */,
				F14C35C924751CB70060D435 /* ABNetResponse.m in Sources */,
				F14C35CA24751CB70060D435 /* ABNetError.m in Sources */,
				F11F7C2524BFDD2600DB96B3 /* WOCrashProtectorManager.m in Sources */,
				F11F7C2224BFDD2600DB96B3 /* NSObject+WOSwizzle.m in Sources */,
				F14250752499EF5F003E83D8 /* ABFileManager.m in Sources */,
				F14C35942475185A0060D435 /* AppDelegate.m in Sources */,
				F136DD1C24791F2200412394 /* ABMQSubscibe.m in Sources */,
				F11F7C2824BFDD2600DB96B3 /* NSArray+WOCrash.m in Sources */,
				F11F7C2024BFDD2600DB96B3 /* NSTimer+Crash.m in Sources */,
				F1BCCED22478C1E8005B94D4 /* ABMQ.m in Sources */,
				F11F7C1F24BFDD2600DB96B3 /* NSObject+KVOCrash.m in Sources */,
				F11F7C2924BFDD2600DB96B3 /* NSAttributedString+WOCrash.m in Sources */,
				F14C35A52475185E0060D435 /* main.m in Sources */,
				F11F7C2424BFDD2600DB96B3 /* WOCrashLog.m in Sources */,
				F11F7C2624BFDD2600DB96B3 /* NSString+WOCrash.m in Sources */,
				F11F7C2724BFDD2600DB96B3 /* NSMutableDictionary+WOCrash.m in Sources */,
				F14C35C724751CB70060D435 /* NSObject+ABNet.m in Sources */,
				F11682FC24A0B540004DD6B8 /* ABNumber.m in Sources */,
				F14C35CD24751CB70060D435 /* ABWeakProxy.m in Sources */,
				F14C35C824751CB70060D435 /* ABNetQuene.m in Sources */,
			);
			runOnlyForDeploymentPostprocessing = 0;
		};
/* End PBXSourcesBuildPhase section */

/* Begin PBXVariantGroup section */
		F14C35A02475185E0060D435 /* LaunchScreen.storyboard */ = {
			isa = PBXVariantGroup;
			children = (
				F14C35A12475185E0060D435 /* Base */,
			);
			name = LaunchScreen.storyboard;
			sourceTree = "<group>";
		};
/* End PBXVariantGroup section */

/* Begin XCBuildConfiguration section */
		F14C35A62475185E0060D435 /* Debug */ = {
			isa = XCBuildConfiguration;
			buildSettings = {
				ALWAYS_SEARCH_USER_PATHS = NO;
				CLANG_ANALYZER_NONNULL = YES;
				CLANG_ANALYZER_NUMBER_OBJECT_CONVERSION = YES_AGGRESSIVE;
				CLANG_CXX_LANGUAGE_STANDARD = "gnu++14";
				CLANG_CXX_LIBRARY = "libc++";
				CLANG_ENABLE_MODULES = YES;
				CLANG_ENABLE_OBJC_ARC = YES;
				CLANG_ENABLE_OBJC_WEAK = YES;
				CLANG_WARN_BLOCK_CAPTURE_AUTORELEASING = YES;
				CLANG_WARN_BOOL_CONVERSION = YES;
				CLANG_WARN_COMMA = YES;
				CLANG_WARN_CONSTANT_CONVERSION = YES;
				CLANG_WARN_DEPRECATED_OBJC_IMPLEMENTATIONS = YES;
				CLANG_WARN_DIRECT_OBJC_ISA_USAGE = YES_ERROR;
				CLANG_WARN_DOCUMENTATION_COMMENTS = YES;
				CLANG_WARN_EMPTY_BODY = YES;
				CLANG_WARN_ENUM_CONVERSION = YES;
				CLANG_WARN_INFINITE_RECURSION = YES;
				CLANG_WARN_INT_CONVERSION = YES;
				CLANG_WARN_NON_LITERAL_NULL_CONVERSION = YES;
				CLANG_WARN_OBJC_IMPLICIT_RETAIN_SELF = YES;
				CLANG_WARN_OBJC_LITERAL_CONVERSION = YES;
				CLANG_WARN_OBJC_ROOT_CLASS = YES_ERROR;
				CLANG_WARN_RANGE_LOOP_ANALYSIS = YES;
				CLANG_WARN_STRICT_PROTOTYPES = YES;
				CLANG_WARN_SUSPICIOUS_MOVE = YES;
				CLANG_WARN_UNGUARDED_AVAILABILITY = YES_AGGRESSIVE;
				CLANG_WARN_UNREACHABLE_CODE = YES;
				CLANG_WARN__DUPLICATE_METHOD_MATCH = YES;
				COPY_PHASE_STRIP = NO;
				DEBUG_INFORMATION_FORMAT = dwarf;
				ENABLE_STRICT_OBJC_MSGSEND = YES;
				ENABLE_TESTABILITY = YES;
				GCC_C_LANGUAGE_STANDARD = gnu11;
				GCC_DYNAMIC_NO_PIC = NO;
				GCC_NO_COMMON_BLOCKS = YES;
				GCC_OPTIMIZATION_LEVEL = 0;
				GCC_PREPROCESSOR_DEFINITIONS = (
					"DEBUG=1",
					"$(inherited)",
				);
				GCC_WARN_64_TO_32_BIT_CONVERSION = YES;
				GCC_WARN_ABOUT_RETURN_TYPE = YES_ERROR;
				GCC_WARN_UNDECLARED_SELECTOR = YES;
				GCC_WARN_UNINITIALIZED_AUTOS = YES_AGGRESSIVE;
				GCC_WARN_UNUSED_FUNCTION = YES;
				GCC_WARN_UNUSED_VARIABLE = YES;
				IPHONEOS_DEPLOYMENT_TARGET = 13.4;
				MTL_ENABLE_DEBUG_INFO = INCLUDE_SOURCE;
				MTL_FAST_MATH = YES;
				ONLY_ACTIVE_ARCH = YES;
				SDKROOT = iphoneos;
			};
			name = Debug;
		};
		F14C35A72475185E0060D435 /* Release */ = {
			isa = XCBuildConfiguration;
			buildSettings = {
				ALWAYS_SEARCH_USER_PATHS = NO;
				CLANG_ANALYZER_NONNULL = YES;
				CLANG_ANALYZER_NUMBER_OBJECT_CONVERSION = YES_AGGRESSIVE;
				CLANG_CXX_LANGUAGE_STANDARD = "gnu++14";
				CLANG_CXX_LIBRARY = "libc++";
				CLANG_ENABLE_MODULES = YES;
				CLANG_ENABLE_OBJC_ARC = YES;
				CLANG_ENABLE_OBJC_WEAK = YES;
				CLANG_WARN_BLOCK_CAPTURE_AUTORELEASING = YES;
				CLANG_WARN_BOOL_CONVERSION = YES;
				CLANG_WARN_COMMA = YES;
				CLANG_WARN_CONSTANT_CONVERSION = YES;
				CLANG_WARN_DEPRECATED_OBJC_IMPLEMENTATIONS = YES;
				CLANG_WARN_DIRECT_OBJC_ISA_USAGE = YES_ERROR;
				CLANG_WARN_DOCUMENTATION_COMMENTS = YES;
				CLANG_WARN_EMPTY_BODY = YES;
				CLANG_WARN_ENUM_CONVERSION = YES;
				CLANG_WARN_INFINITE_RECURSION = YES;
				CLANG_WARN_INT_CONVERSION = YES;
				CLANG_WARN_NON_LITERAL_NULL_CONVERSION = YES;
				CLANG_WARN_OBJC_IMPLICIT_RETAIN_SELF = YES;
				CLANG_WARN_OBJC_LITERAL_CONVERSION = YES;
				CLANG_WARN_OBJC_ROOT_CLASS = YES_ERROR;
				CLANG_WARN_RANGE_LOOP_ANALYSIS = YES;
				CLANG_WARN_STRICT_PROTOTYPES = YES;
				CLANG_WARN_SUSPICIOUS_MOVE = YES;
				CLANG_WARN_UNGUARDED_AVAILABILITY = YES_AGGRESSIVE;
				CLANG_WARN_UNREACHABLE_CODE = YES;
				CLANG_WARN__DUPLICATE_METHOD_MATCH = YES;
				COPY_PHASE_STRIP = NO;
				DEBUG_INFORMATION_FORMAT = "dwarf-with-dsym";
				ENABLE_NS_ASSERTIONS = NO;
				ENABLE_STRICT_OBJC_MSGSEND = YES;
				GCC_C_LANGUAGE_STANDARD = gnu11;
				GCC_NO_COMMON_BLOCKS = YES;
				GCC_WARN_64_TO_32_BIT_CONVERSION = YES;
				GCC_WARN_ABOUT_RETURN_TYPE = YES_ERROR;
				GCC_WARN_UNDECLARED_SELECTOR = YES;
				GCC_WARN_UNINITIALIZED_AUTOS = YES_AGGRESSIVE;
				GCC_WARN_UNUSED_FUNCTION = YES;
				GCC_WARN_UNUSED_VARIABLE = YES;
				IPHONEOS_DEPLOYMENT_TARGET = 13.4;
				MTL_ENABLE_DEBUG_INFO = NO;
				MTL_FAST_MATH = YES;
				SDKROOT = iphoneos;
				VALIDATE_PRODUCT = YES;
			};
			name = Release;
		};
		F14C35A92475185E0060D435 /* Debug */ = {
			isa = XCBuildConfiguration;
			baseConfigurationReference = FF922021528014F98DB98AC5 /* Pods-ABFoundation.debug.xcconfig */;
			buildSettings = {
				ASSETCATALOG_COMPILER_APPICON_NAME = AppIcon;
				CODE_SIGN_IDENTITY = "iPhone Developer";
				CODE_SIGN_STYLE = Manual;
				DEVELOPMENT_TEAM = 84CY97T54W;
				INFOPLIST_FILE = ABFoundation/Info.plist;
				LD_RUNPATH_SEARCH_PATHS = (
					"$(inherited)",
					"@executable_path/Frameworks",
				);
				PRODUCT_BUNDLE_IDENTIFIER = com.qp.ABFoundation;
				PRODUCT_NAME = "$(TARGET_NAME)";
				PROVISIONING_PROFILE_SPECIFIER = "qp university";
				TARGETED_DEVICE_FAMILY = "1,2";
			};
			name = Debug;
		};
		F14C35AA2475185E0060D435 /* Release */ = {
			isa = XCBuildConfiguration;
			baseConfigurationReference = 582B130658D1D0185E9FA1DE /* Pods-ABFoundation.release.xcconfig */;
			buildSettings = {
				ASSETCATALOG_COMPILER_APPICON_NAME = AppIcon;
				CODE_SIGN_IDENTITY = "iPhone Developer";
				CODE_SIGN_STYLE = Manual;
				DEVELOPMENT_TEAM = 84CY97T54W;
				INFOPLIST_FILE = ABFoundation/Info.plist;
				LD_RUNPATH_SEARCH_PATHS = (
					"$(inherited)",
					"@executable_path/Frameworks",
				);
				PRODUCT_BUNDLE_IDENTIFIER = com.qp.ABFoundation;
				PRODUCT_NAME = "$(TARGET_NAME)";
				PROVISIONING_PROFILE_SPECIFIER = "qp university";
				TARGETED_DEVICE_FAMILY = "1,2";
			};
			name = Release;
		};
/* End XCBuildConfiguration section */

/* Begin XCConfigurationList section */
		F14C358A2475185A0060D435 /* Build configuration list for PBXProject "ABFoundation" */ = {
			isa = XCConfigurationList;
			buildConfigurations = (
				F14C35A62475185E0060D435 /* Debug */,
				F14C35A72475185E0060D435 /* Release */,
			);
			defaultConfigurationIsVisible = 0;
			defaultConfigurationName = Release;
		};
		F14C35A82475185E0060D435 /* Build configuration list for PBXNativeTarget "ABFoundation" */ = {
			isa = XCConfigurationList;
			buildConfigurations = (
				F14C35A92475185E0060D435 /* Debug */,
				F14C35AA2475185E0060D435 /* Release */,
			);
			defaultConfigurationIsVisible = 0;
			defaultConfigurationName = Release;
		};
/* End XCConfigurationList section */
	};
	rootObject = F14C35872475185A0060D435 /* Project object */;
}
